
Microsoft Visual Studio Solution File, Format Version 12.00
# Visual Studio 2013
VisualStudioVersion = 12.0.30501.0
MinimumVisualStudioVersion = 10.0.40219.1
Project("{8BC9CEB8-8B4A-11D0-8D11-00A0C91BC942}") = "ConsoleApplication16", "ConsoleApplication16\ConsoleApplication16.vcxproj", "{8E046B95-86EE-4B5C-8EB3-002004408850}"
EndProject
Global
	GlobalSection(SolutionConfigurationPlatforms) = preSolution
		Debug|Win32 = Debug|Win32
		Release|Win32 = Release|Win32
	EndGlobalSection
	GlobalSection(ProjectConfigurationPlatforms) = postSolution
		{8E046B95-86EE-4B5C-8EB3-002004408850}.Debug|Win32.ActiveCfg = Debug|Win32
		{8E046B95-86EE-4B5C-8EB3-002004408850}.Debug|Win32.Build.0 = Debug|Win32
		{8E046B95-86EE-4B5C-8EB3-002004408850}.Release|Win32.ActiveCfg = Release|Win32
		{8E046B95-86EE-4B5C-8EB3-002004408850}.Release|Win32.Build.0 = Release|Win32
	EndGlobalSection
	GlobalSection(SolutionProperties) = preSolution
		HideSolutionNode = FALSE
	EndGlobalSection
EndGlobal
