
Microsoft Visual Studio Solution File, Format Version 12.00
# Visual Studio 15
VisualStudioVersion = 15.0.26730.12
MinimumVisualStudioVersion = 10.0.40219.1
Project("{8BC9CEB8-8B4A-11D0-8D11-00A0C91BC942}") = "사칙연산", "사칙연산\사칙연산.vcxproj", "{34DE6C2D-7ABC-45C8-A96C-384C57586358}"
EndProject
Global
	GlobalSection(SolutionConfigurationPlatforms) = preSolution
		Debug|x64 = Debug|x64
		Debug|x86 = Debug|x86
		Release|x64 = Release|x64
		Release|x86 = Release|x86
	EndGlobalSection
	GlobalSection(ProjectConfigurationPlatforms) = postSolution
		{34DE6C2D-7ABC-45C8-A96C-384C57586358}.Debug|x64.ActiveCfg = Debug|x64
		{34DE6C2D-7ABC-45C8-A96C-384C57586358}.Debug|x64.Build.0 = Debug|x64
		{34DE6C2D-7ABC-45C8-A96C-384C57586358}.Debug|x86.ActiveCfg = Debug|Win32
		{34DE6C2D-7ABC-45C8-A96C-384C57586358}.Debug|x86.Build.0 = Debug|Win32
		{34DE6C2D-7ABC-45C8-A96C-384C57586358}.Release|x64.ActiveCfg = Release|x64
		{34DE6C2D-7ABC-45C8-A96C-384C57586358}.Release|x64.Build.0 = Release|x64
		{34DE6C2D-7ABC-45C8-A96C-384C57586358}.Release|x86.ActiveCfg = Release|Win32
		{34DE6C2D-7ABC-45C8-A96C-384C57586358}.Release|x86.Build.0 = Release|Win32
	EndGlobalSection
	GlobalSection(SolutionProperties) = preSolution
		HideSolutionNode = FALSE
	EndGlobalSection
	GlobalSection(ExtensibilityGlobals) = postSolution
		SolutionGuid = {E70BCD6B-AEAF-49FC-A986-B1C5D4586E7B}
	EndGlobalSection
EndGlobal
